
Microsoft Visual Studio Solution File, Format Version 12.00
# Visual Studio Version 16
VisualStudioVersion = 16.0.30011.22
MinimumVisualStudioVersion = 10.0.40219.1
Project("{FAE04EC0-301F-11D3-BF4B-00C04F79EFBC}") = "Homework1", "Homework1\Homework1.csproj", "{03E963A0-3DA3-4670-8BC5-EEE62D6D910A}"
EndProject
Global
	GlobalSection(SolutionConfigurationPlatforms) = preSolution
		Debug|Any CPU = Debug|Any CPU
		Release|Any CPU = Release|Any CPU
	EndGlobalSection
	GlobalSection(ProjectConfigurationPlatforms) = postSolution
		{03E963A0-3DA3-4670-8BC5-EEE62D6D910A}.Debug|Any CPU.ActiveCfg = Debug|Any CPU
		{03E963A0-3DA3-4670-8BC5-EEE62D6D910A}.Debug|Any CPU.Build.0 = Debug|Any CPU
		{03E963A0-3DA3-4670-8BC5-EEE62D6D910A}.Release|Any CPU.ActiveCfg = Release|Any CPU
		{03E963A0-3DA3-4670-8BC5-EEE62D6D910A}.Release|Any CPU.Build.0 = Release|Any CPU
	EndGlobalSection
	GlobalSection(SolutionProperties) = preSolution
		HideSolutionNode = FALSE
	EndGlobalSection
	GlobalSection(ExtensibilityGlobals) = postSolution
		SolutionGuid = {2AF4CB8B-A0FF-4634-8884-D7ABBF168F82}
	EndGlobalSection
EndGlobal
